
Microsoft Visual Studio Solution File, Format Version 12.00
# Visual Studio Version 16
VisualStudioVersion = 16.0.34407.143
MinimumVisualStudioVersion = 10.0.40219.1
Project("{FAE04EC0-301F-11D3-BF4B-00C04F79EFBC}") = "Visits", "Visits\Visits.csproj", "{CF9BD4F5-E5FE-4D38-A29A-2C8A6199B38D}"
EndProject
Global
	GlobalSection(SolutionConfigurationPlatforms) = preSolution
		Debug|Any CPU = Debug|Any CPU
		Release|Any CPU = Release|Any CPU
	EndGlobalSection
	GlobalSection(ProjectConfigurationPlatforms) = postSolution
		{CF9BD4F5-E5FE-4D38-A29A-2C8A6199B38D}.Debug|Any CPU.ActiveCfg = Debug|Any CPU
		{CF9BD4F5-E5FE-4D38-A29A-2C8A6199B38D}.Debug|Any CPU.Build.0 = Debug|Any CPU
		{CF9BD4F5-E5FE-4D38-A29A-2C8A6199B38D}.Release|Any CPU.ActiveCfg = Release|Any CPU
		{CF9BD4F5-E5FE-4D38-A29A-2C8A6199B38D}.Release|Any CPU.Build.0 = Release|Any CPU
	EndGlobalSection
	GlobalSection(SolutionProperties) = preSolution
		HideSolutionNode = FALSE
	EndGlobalSection
	GlobalSection(ExtensibilityGlobals) = postSolution
		SolutionGuid = {9F75AAC7-3795-479A-BCB0-B27DC9F0760C}
	EndGlobalSection
EndGlobal
